{
  "name": "stf",
  "version": "2.0.1",
  "dependencies": {
    "template-html-loader": {
      "version": "0.0.3",
      "from": "template-html-loader@>=0.0.3 <0.0.4",
      "resolved": "http://registry.npmjs.org/template-html-loader/-/template-html-loader-0.0.3.tgz",
      "dependencies": {
        "consolidate": {
          "version": "0.14.1",
          "from": "consolidate@>=0.14.0 <0.14.1",
          "resolved": "https://registry.npmjs.org/consolidate/-/consolidate-0.14.1.tgz"
        }
      }
    }
  }
}
